
Microsoft Visual Studio Solution File, Format Version 12.00
# Visual Studio Version 16
VisualStudioVersion = 16.0.31729.503
MinimumVisualStudioVersion = 10.0.40219.1
Project("{FAE04EC0-301F-11D3-BF4B-00C04F79EFBC}") = "Aluguel_de_carros", "Aluguel_de_carros\Aluguel_de_carros.csproj", "{EEE7A146-A175-4AB1-A664-5E80159789F3}"
EndProject
Global
	GlobalSection(SolutionConfigurationPlatforms) = preSolution
		Debug|Any CPU = Debug|Any CPU
		Release|Any CPU = Release|Any CPU
	EndGlobalSection
	GlobalSection(ProjectConfigurationPlatforms) = postSolution
		{EEE7A146-A175-4AB1-A664-5E80159789F3}.Debug|Any CPU.ActiveCfg = Debug|Any CPU
		{EEE7A146-A175-4AB1-A664-5E80159789F3}.Debug|Any CPU.Build.0 = Debug|Any CPU
		{EEE7A146-A175-4AB1-A664-5E80159789F3}.Release|Any CPU.ActiveCfg = Release|Any CPU
		{EEE7A146-A175-4AB1-A664-5E80159789F3}.Release|Any CPU.Build.0 = Release|Any CPU
	EndGlobalSection
	GlobalSection(SolutionProperties) = preSolution
		HideSolutionNode = FALSE
	EndGlobalSection
	GlobalSection(ExtensibilityGlobals) = postSolution
		SolutionGuid = {1781E7F9-EDB4-4FC5-B462-67C8A7F59683}
	EndGlobalSection
EndGlobal
